
Microsoft Visual Studio Solution File, Format Version 12.00
# Visual Studio Version 17
VisualStudioVersion = 17.10.35027.167
MinimumVisualStudioVersion = 10.0.40219.1
Project("{9A19103F-16F7-4668-BE54-9A1E7A4F7556}") = "PasswordManager", "PasswordManager.csproj", "{5B6E60FC-1DE1-43FF-A43C-29D99442F80E}"
EndProject
Global
	GlobalSection(SolutionConfigurationPlatforms) = preSolution
		Debug|Any CPU = Debug|Any CPU
		Release|Any CPU = Release|Any CPU
	EndGlobalSection
	GlobalSection(ProjectConfigurationPlatforms) = postSolution
		{5B6E60FC-1DE1-43FF-A43C-29D99442F80E}.Debug|Any CPU.ActiveCfg = Debug|Any CPU
		{5B6E60FC-1DE1-43FF-A43C-29D99442F80E}.Debug|Any CPU.Build.0 = Debug|Any CPU
		{5B6E60FC-1DE1-43FF-A43C-29D99442F80E}.Release|Any CPU.ActiveCfg = Release|Any CPU
		{5B6E60FC-1DE1-43FF-A43C-29D99442F80E}.Release|Any CPU.Build.0 = Release|Any CPU
	EndGlobalSection
	GlobalSection(SolutionProperties) = preSolution
		HideSolutionNode = FALSE
	EndGlobalSection
	GlobalSection(ExtensibilityGlobals) = postSolution
		SolutionGuid = {0D59C398-8783-4477-BE9C-D5F9C2958F4D}
	EndGlobalSection
EndGlobal
